// !$*UTF8*$!
{
	archiveVersion = 1;
	classes = {
	};
	objectVersion = 56;
	objects = {

/* Begin PBXBuildFile section */
		5E2C052E299208C70080E5F9 /* AppDelegate.swift in Sources */ = {isa = PBXBuildFile; fileRef = 5E2C052D299208C70080E5F9 /* AppDelegate.swift */; };
		5E2C0530299208C70080E5F9 /* SceneDelegate.swift in Sources */ = {isa = PBXBuildFile; fileRef = 5E2C052F299208C70080E5F9 /* SceneDelegate.swift */; };
		5E2C0532299208C70080E5F9 /* ViewController.swift in Sources */ = {isa = PBXBuildFile; fileRef = 5E2C0531299208C70080E5F9 /* ViewController.swift */; };
		5E2C0535299208C70080E5F9 /* Main.storyboard in Resources */ = {isa = PBXBuildFile; fileRef = 5E2C0533299208C70080E5F9 /* Main.storyboard */; };
		5E2C0538299208C70080E5F9 /* FirstApplication.xcdatamodeld in Sources */ = {isa = PBXBuildFile; fileRef = 5E2C0536299208C70080E5F9 /* FirstApplication.xcdatamodeld */; };
		5E2C053A299208C90080E5F9 /* Assets.xcassets in Resources */ = {isa = PBXBuildFile; fileRef = 5E2C0539299208C90080E5F9 /* Assets.xcassets */; };
		5E2C053D299208C90080E5F9 /* LaunchScreen.storyboard in Resources */ = {isa = PBXBuildFile; fileRef = 5E2C053B299208C90080E5F9 /* LaunchScreen.storyboard */; };
		5E2C0548299208C90080E5F9 /* FirstApplicationTests.swift in Sources */ = {isa = PBXBuildFile; fileRef = 5E2C0547299208C90080E5F9 /* FirstApplicationTests.swift */; };
		5E2C0552299208C90080E5F9 /* FirstApplicationUITests.swift in Sources */ = {isa = PBXBuildFile; fileRef = 5E2C0551299208C90080E5F9 /* FirstApplicationUITests.swift */; };
		5E2C0554299208C90080E5F9 /* FirstApplicationUITestsLaunchTests.swift in Sources */ = {isa = PBXBuildFile; fileRef = 5E2C0553299208C90080E5F9 /* FirstApplicationUITestsLaunchTests.swift */; };
		5E368A592993665C0066C9EF /* MyViewController.swift in Sources */ = {isa = PBXBuildFile; fileRef = 5E368A582993665C0066C9EF /* MyViewController.swift */; };
		5E368A5B29936F320066C9EF /* ThirdViewController.swift in Sources */ = {isa = PBXBuildFile; fileRef = 5E368A5A29936F320066C9EF /* ThirdViewController.swift */; };
		5E368A5D2993BC7A0066C9EF /* TestViewCellTableViewCell.swift in Sources */ = {isa = PBXBuildFile; fileRef = 5E368A5C2993BC7A0066C9EF /* TestViewCellTableViewCell.swift */; };
		5E8385632995441B00BC0E3D /* VideoDataModel.swift in Sources */ = {isa = PBXBuildFile; fileRef = 5E8385622995441B00BC0E3D /* VideoDataModel.swift */; };
		5EC7D1B42994B02700D3A64A /* PhotoDataModel.swift in Sources */ = {isa = PBXBuildFile; fileRef = 5EC7D1B32994B02700D3A64A /* PhotoDataModel.swift */; };
		5EC7D1B7299516B200D3A64A /* CDPhoto+CoreDataClass.swift in Sources */ = {isa = PBXBuildFile; fileRef = 5EC7D1B5299516B200D3A64A /* CDPhoto+CoreDataClass.swift */; };
		5EC7D1B8299516B200D3A64A /* CDPhoto+CoreDataProperties.swift in Sources */ = {isa = PBXBuildFile; fileRef = 5EC7D1B6299516B200D3A64A /* CDPhoto+CoreDataProperties.swift */; };
		5EC7D1BA2995178800D3A64A /* DatabaseManager.swift in Sources */ = {isa = PBXBuildFile; fileRef = 5EC7D1B92995178800D3A64A /* DatabaseManager.swift */; };
/* End PBXBuildFile section */

/* Begin PBXContainerItemProxy section */
		5E2C0544299208C90080E5F9 /* PBXContainerItemProxy */ = {
			isa = PBXContainerItemProxy;
			containerPortal = 5E2C0522299208C70080E5F9 /* Project object */;
			proxyType = 1;
			remoteGlobalIDString = 5E2C0529299208C70080E5F9;
			remoteInfo = FirstApplication;
		};
		5E2C054E299208C90080E5F9 /* PBXContainerItemProxy */ = {
			isa = PBXContainerItemProxy;
			containerPortal = 5E2C0522299208C70080E5F9 /* Project object */;
			proxyType = 1;
			remoteGlobalIDString = 5E2C0529299208C70080E5F9;
			remoteInfo = FirstApplication;
		};
/* End PBXContainerItemProxy section */

/* Begin PBXFileReference section */
		5E2C052A299208C70080E5F9 /* FirstApplication.app */ = {isa = PBXFileReference; explicitFileType = wrapper.application; includeInIndex = 0; path = FirstApplication.app; sourceTree = BUILT_PRODUCTS_DIR; };
		5E2C052D299208C70080E5F9 /* AppDelegate.swift */ = {isa = PBXFileReference; lastKnownFileType = sourcecode.swift; path = AppDelegate.swift; sourceTree = "<group>"; };
		5E2C052F299208C70080E5F9 /* SceneDelegate.swift */ = {isa = PBXFileReference; lastKnownFileType = sourcecode.swift; path = SceneDelegate.swift; sourceTree = "<group>"; };
		5E2C0531299208C70080E5F9 /* ViewController.swift */ = {isa = PBXFileReference; lastKnownFileType = sourcecode.swift; path = ViewController.swift; sourceTree = "<group>"; };
		5E2C0534299208C70080E5F9 /* Base */ = {isa = PBXFileReference; lastKnownFileType = file.storyboard; name = Base; path = Base.lproj/Main.storyboard; sourceTree = "<group>"; };
		5E2C0537299208C70080E5F9 /* FirstApplication.xcdatamodel */ = {isa = PBXFileReference; lastKnownFileType = wrapper.xcdatamodel; path = FirstApplication.xcdatamodel; sourceTree = "<group>"; };
		5E2C0539299208C90080E5F9 /* Assets.xcassets */ = {isa = PBXFileReference; lastKnownFileType = folder.assetcatalog; path = Assets.xcassets; sourceTree = "<group>"; };
		5E2C053C299208C90080E5F9 /* Base */ = {isa = PBXFileReference; lastKnownFileType = file.storyboard; name = Base; path = Base.lproj/LaunchScreen.storyboard; sourceTree = "<group>"; };
		5E2C053E299208C90080E5F9 /* Info.plist */ = {isa = PBXFileReference; lastKnownFileType = text.plist.xml; path = Info.plist; sourceTree = "<group>"; };
		5E2C0543299208C90080E5F9 /* FirstApplicationTests.xctest */ = {isa = PBXFileReference; explicitFileType = wrapper.cfbundle; includeInIndex = 0; path = FirstApplicationTests.xctest; sourceTree = BUILT_PRODUCTS_DIR; };
		5E2C0547299208C90080E5F9 /* FirstApplicationTests.swift */ = {isa = PBXFileReference; lastKnownFileType = sourcecode.swift; path = FirstApplicationTests.swift; sourceTree = "<group>"; };
		5E2C054D299208C90080E5F9 /* FirstApplicationUITests.xctest */ = {isa = PBXFileReference; explicitFileType = wrapper.cfbundle; includeInIndex = 0; path = FirstApplicationUITests.xctest; sourceTree = BUILT_PRODUCTS_DIR; };
		5E2C0551299208C90080E5F9 /* FirstApplicationUITests.swift */ = {isa = PBXFileReference; lastKnownFileType = sourcecode.swift; path = FirstApplicationUITests.swift; sourceTree = "<group>"; };
		5E2C0553299208C90080E5F9 /* FirstApplicationUITestsLaunchTests.swift */ = {isa = PBXFileReference; lastKnownFileType = sourcecode.swift; path = FirstApplicationUITestsLaunchTests.swift; sourceTree = "<group>"; };
		5E368A582993665C0066C9EF /* MyViewController.swift */ = {isa = PBXFileReference; lastKnownFileType = sourcecode.swift; path = MyViewController.swift; sourceTree = "<group>"; };
		5E368A5A29936F320066C9EF /* ThirdViewController.swift */ = {isa = PBXFileReference; lastKnownFileType = sourcecode.swift; path = ThirdViewController.swift; sourceTree = "<group>"; };
		5E368A5C2993BC7A0066C9EF /* TestViewCellTableViewCell.swift */ = {isa = PBXFileReference; lastKnownFileType = sourcecode.swift; path = TestViewCellTableViewCell.swift; sourceTree = "<group>"; };
		5E8385622995441B00BC0E3D /* VideoDataModel.swift */ = {isa = PBXFileReference; lastKnownFileType = sourcecode.swift; path = VideoDataModel.swift; sourceTree = "<group>"; };
		5EC7D1B32994B02700D3A64A /* PhotoDataModel.swift */ = {isa = PBXFileReference; lastKnownFileType = sourcecode.swift; path = PhotoDataModel.swift; sourceTree = "<group>"; };
		5EC7D1B5299516B200D3A64A /* CDPhoto+CoreDataClass.swift */ = {isa = PBXFileReference; lastKnownFileType = sourcecode.swift; path = "CDPhoto+CoreDataClass.swift"; sourceTree = "<group>"; };
		5EC7D1B6299516B200D3A64A /* CDPhoto+CoreDataProperties.swift */ = {isa = PBXFileReference; lastKnownFileType = sourcecode.swift; path = "CDPhoto+CoreDataProperties.swift"; sourceTree = "<group>"; };
		5EC7D1B92995178800D3A64A /* DatabaseManager.swift */ = {isa = PBXFileReference; lastKnownFileType = sourcecode.swift; path = DatabaseManager.swift; sourceTree = "<group>"; };
/* End PBXFileReference section */

/* Begin PBXFrameworksBuildPhase section */
		5E2C0527299208C70080E5F9 /* Frameworks */ = {
			isa = PBXFrameworksBuildPhase;
			buildActionMask = 2147483647;
			files = (
			);
			runOnlyForDeploymentPostprocessing = 0;
		};
		5E2C0540299208C90080E5F9 /* Frameworks */ = {
			isa = PBXFrameworksBuildPhase;
			buildActionMask = 2147483647;
			files = (
			);
			runOnlyForDeploymentPostprocessing = 0;
		};
		5E2C054A299208C90080E5F9 /* Frameworks */ = {
			isa = PBXFrameworksBuildPhase;
			buildActionMask = 2147483647;
			files = (
			);
			runOnlyForDeploymentPostprocessing = 0;
		};
/* End PBXFrameworksBuildPhase section */

/* Begin PBXGroup section */
		5E2C0521299208C70080E5F9 = {
			isa = PBXGroup;
			children = (
				5E2C052C299208C70080E5F9 /* FirstApplication */,
				5E2C0546299208C90080E5F9 /* FirstApplicationTests */,
				5E2C0550299208C90080E5F9 /* FirstApplicationUITests */,
				5E2C052B299208C70080E5F9 /* Products */,
			);
			sourceTree = "<group>";
		};
		5E2C052B299208C70080E5F9 /* Products */ = {
			isa = PBXGroup;
			children = (
				5E2C052A299208C70080E5F9 /* FirstApplication.app */,
				5E2C0543299208C90080E5F9 /* FirstApplicationTests.xctest */,
				5E2C054D299208C90080E5F9 /* FirstApplicationUITests.xctest */,
			);
			name = Products;
			sourceTree = "<group>";
		};
		5E2C052C299208C70080E5F9 /* FirstApplication */ = {
			isa = PBXGroup;
			children = (
				5EC7D1B5299516B200D3A64A /* CDPhoto+CoreDataClass.swift */,
				5EC7D1B6299516B200D3A64A /* CDPhoto+CoreDataProperties.swift */,
				5E2C052D299208C70080E5F9 /* AppDelegate.swift */,
				5E2C052F299208C70080E5F9 /* SceneDelegate.swift */,
				5E2C0531299208C70080E5F9 /* ViewController.swift */,
				5E2C0533299208C70080E5F9 /* Main.storyboard */,
				5E2C0539299208C90080E5F9 /* Assets.xcassets */,
				5E2C053B299208C90080E5F9 /* LaunchScreen.storyboard */,
				5E2C053E299208C90080E5F9 /* Info.plist */,
				5E2C0536299208C70080E5F9 /* FirstApplication.xcdatamodeld */,
				5E368A582993665C0066C9EF /* MyViewController.swift */,
				5E368A5A29936F320066C9EF /* ThirdViewController.swift */,
				5E368A5C2993BC7A0066C9EF /* TestViewCellTableViewCell.swift */,
				5EC7D1B32994B02700D3A64A /* PhotoDataModel.swift */,
				5EC7D1B92995178800D3A64A /* DatabaseManager.swift */,
				5E8385622995441B00BC0E3D /* VideoDataModel.swift */,
			);
			path = FirstApplication;
			sourceTree = "<group>";
		};
		5E2C0546299208C90080E5F9 /* FirstApplicationTests */ = {
			isa = PBXGroup;
			children = (
				5E2C0547299208C90080E5F9 /* FirstApplicationTests.swift */,
			);
			path = FirstApplicationTests;
			sourceTree = "<group>";
		};
		5E2C0550299208C90080E5F9 /* FirstApplicationUITests */ = {
			isa = PBXGroup;
			children = (
				5E2C0551299208C90080E5F9 /* FirstApplicationUITests.swift */,
				5E2C0553299208C90080E5F9 /* FirstApplicationUITestsLaunchTests.swift */,
			);
			path = FirstApplicationUITests;
			sourceTree = "<group>";
		};
/* End PBXGroup section */

/* Begin PBXNativeTarget section */
		5E2C0529299208C70080E5F9 /* FirstApplication */ = {
			isa = PBXNativeTarget;
			buildConfigurationList = 5E2C0557299208C90080E5F9 /* Build configuration list for PBXNativeTarget "FirstApplication" */;
			buildPhases = (
				5E2C0526299208C70080E5F9 /* Sources */,
				5E2C0527299208C70080E5F9 /* Frameworks */,
				5E2C0528299208C70080E5F9 /* Resources */,
			);
			buildRules = (
			);
			dependencies = (
			);
			name = FirstApplication;
			productName = FirstApplication;
			productReference = 5E2C052A299208C70080E5F9 /* FirstApplication.app */;
			productType = "com.apple.product-type.application";
		};
		5E2C0542299208C90080E5F9 /* FirstApplicationTests */ = {
			isa = PBXNativeTarget;
			buildConfigurationList = 5E2C055A299208C90080E5F9 /* Build configuration list for PBXNativeTarget "FirstApplicationTests" */;
			buildPhases = (
				5E2C053F299208C90080E5F9 /* Sources */,
				5E2C0540299208C90080E5F9 /* Frameworks */,
				5E2C0541299208C90080E5F9 /* Resources */,
			);
			buildRules = (
			);
			dependencies = (
				5E2C0545299208C90080E5F9 /* PBXTargetDependency */,
			);
			name = FirstApplicationTests;
			productName = FirstApplicationTests;
			productReference = 5E2C0543299208C90080E5F9 /* FirstApplicationTests.xctest */;
			productType = "com.apple.product-type.bundle.unit-test";
		};
		5E2C054C299208C90080E5F9 /* FirstApplicationUITests */ = {
			isa = PBXNativeTarget;
			buildConfigurationList = 5E2C055D299208C90080E5F9 /* Build configuration list for PBXNativeTarget "FirstApplicationUITests" */;
			buildPhases = (
				5E2C0549299208C90080E5F9 /* Sources */,
				5E2C054A299208C90080E5F9 /* Frameworks */,
				5E2C054B299208C90080E5F9 /* Resources */,
			);
			buildRules = (
			);
			dependencies = (
				5E2C054F299208C90080E5F9 /* PBXTargetDependency */,
			);
			name = FirstApplicationUITests;
			productName = FirstApplicationUITests;
			productReference = 5E2C054D299208C90080E5F9 /* FirstApplicationUITests.xctest */;
			productType = "com.apple.product-type.bundle.ui-testing";
		};
/* End PBXNativeTarget section */

/* Begin PBXProject section */
		5E2C0522299208C70080E5F9 /* Project object */ = {
			isa = PBXProject;
			attributes = {
				BuildIndependentTargetsInParallel = 1;
				LastSwiftUpdateCheck = 1420;
				LastUpgradeCheck = 1420;
				TargetAttributes = {
					5E2C0529299208C70080E5F9 = {
						CreatedOnToolsVersion = 14.2;
					};
					5E2C0542299208C90080E5F9 = {
						CreatedOnToolsVersion = 14.2;
						TestTargetID = 5E2C0529299208C70080E5F9;
					};
					5E2C054C299208C90080E5F9 = {
						CreatedOnToolsVersion = 14.2;
						TestTargetID = 5E2C0529299208C70080E5F9;
					};
				};
			};
			buildConfigurationList = 5E2C0525299208C70080E5F9 /* Build configuration list for PBXProject "FirstApplication" */;
			compatibilityVersion = "Xcode 14.0";
			developmentRegion = en;
			hasScannedForEncodings = 0;
			knownRegions = (
				en,
				Base,
			);
			mainGroup = 5E2C0521299208C70080E5F9;
			productRefGroup = 5E2C052B299208C70080E5F9 /* Products */;
			projectDirPath = "";
			projectRoot = "";
			targets = (
				5E2C0529299208C70080E5F9 /* FirstApplication */,
				5E2C0542299208C90080E5F9 /* FirstApplicationTests */,
				5E2C054C299208C90080E5F9 /* FirstApplicationUITests */,
			);
		};
/* End PBXProject section */

/* Begin PBXResourcesBuildPhase section */
		5E2C0528299208C70080E5F9 /* Resources */ = {
			isa = PBXResourcesBuildPhase;
			buildActionMask = 2147483647;
			files = (
				5E2C053D299208C90080E5F9 /* LaunchScreen.storyboard in Resources */,
				5E2C053A299208C90080E5F9 /* Assets.xcassets in Resources */,
				5E2C0535299208C70080E5F9 /* Main.storyboard in Resources */,
			);
			runOnlyForDeploymentPostprocessing = 0;
		};
		5E2C0541299208C90080E5F9 /* Resources */ = {
			isa = PBXResourcesBuildPhase;
			buildActionMask = 2147483647;
			files = (
			);
			runOnlyForDeploymentPostprocessing = 0;
		};
		5E2C054B299208C90080E5F9 /* Resources */ = {
			isa = PBXResourcesBuildPhase;
			buildActionMask = 2147483647;
			files = (
			);
			runOnlyForDeploymentPostprocessing = 0;
		};
/* End PBXResourcesBuildPhase section */

/* Begin PBXSourcesBuildPhase section */
		5E2C0526299208C70080E5F9 /* Sources */ = {
			isa = PBXSourcesBuildPhase;
			buildActionMask = 2147483647;
			files = (
				5E2C0532299208C70080E5F9 /* ViewController.swift in Sources */,
				5EC7D1BA2995178800D3A64A /* DatabaseManager.swift in Sources */,
				5E368A5D2993BC7A0066C9EF /* TestViewCellTableViewCell.swift in Sources */,
				5E2C0538299208C70080E5F9 /* FirstApplication.xcdatamodeld in Sources */,
				5E2C052E299208C70080E5F9 /* AppDelegate.swift in Sources */,
				5EC7D1B42994B02700D3A64A /* PhotoDataModel.swift in Sources */,
				5EC7D1B7299516B200D3A64A /* CDPhoto+CoreDataClass.swift in Sources */,
				5E368A592993665C0066C9EF /* MyViewController.swift in Sources */,
				5E368A5B29936F320066C9EF /* ThirdViewController.swift in Sources */,
				5E8385632995441B00BC0E3D /* VideoDataModel.swift in Sources */,
				5EC7D1B8299516B200D3A64A /* CDPhoto+CoreDataProperties.swift in Sources */,
				5E2C0530299208C70080E5F9 /* SceneDelegate.swift in Sources */,
			);
			runOnlyForDeploymentPostprocessing = 0;
		};
		5E2C053F299208C90080E5F9 /* Sources */ = {
			isa = PBXSourcesBuildPhase;
			buildActionMask = 2147483647;
			files = (
				5E2C0548299208C90080E5F9 /* FirstApplicationTests.swift in Sources */,
			);
			runOnlyForDeploymentPostprocessing = 0;
		};
		5E2C0549299208C90080E5F9 /* Sources */ = {
			isa = PBXSourcesBuildPhase;
			buildActionMask = 2147483647;
			files = (
				5E2C0554299208C90080E5F9 /* FirstApplicationUITestsLaunchTests.swift in Sources */,
				5E2C0552299208C90080E5F9 /* FirstApplicationUITests.swift in Sources */,
			);
			runOnlyForDeploymentPostprocessing = 0;
		};
/* End PBXSourcesBuildPhase section */

/* Begin PBXTargetDependency section */
		5E2C0545299208C90080E5F9 /* PBXTargetDependency */ = {
			isa = PBXTargetDependency;
			target = 5E2C0529299208C70080E5F9 /* FirstApplication */;
			targetProxy = 5E2C0544299208C90080E5F9 /* PBXContainerItemProxy */;
		};
		5E2C054F299208C90080E5F9 /* PBXTargetDependency */ = {
			isa = PBXTargetDependency;
			target = 5E2C0529299208C70080E5F9 /* FirstApplication */;
			targetProxy = 5E2C054E299208C90080E5F9 /* PBXContainerItemProxy */;
		};
/* End PBXTargetDependency section */

/* Begin PBXVariantGroup section */
		5E2C0533299208C70080E5F9 /* Main.storyboard */ = {
			isa = PBXVariantGroup;
			children = (
				5E2C0534299208C70080E5F9 /* Base */,
			);
			name = Main.storyboard;
			sourceTree = "<group>";
		};
		5E2C053B299208C90080E5F9 /* LaunchScreen.storyboard */ = {
			isa = PBXVariantGroup;
			children = (
				5E2C053C299208C90080E5F9 /* Base */,
			);
			name = LaunchScreen.storyboard;
			sourceTree = "<group>";
		};
/* End PBXVariantGroup section */

/* Begin XCBuildConfiguration section */
		5E2C0555299208C90080E5F9 /* Debug */ = {
			isa = XCBuildConfiguration;
			buildSettings = {
				ALWAYS_SEARCH_USER_PATHS = NO;
				CLANG_ANALYZER_NONNULL = YES;
				CLANG_ANALYZER_NUMBER_OBJECT_CONVERSION = YES_AGGRESSIVE;
				CLANG_CXX_LANGUAGE_STANDARD = "gnu++20";
				CLANG_ENABLE_MODULES = YES;
				CLANG_ENABLE_OBJC_ARC = YES;
				CLANG_ENABLE_OBJC_WEAK = YES;
				CLANG_WARN_BLOCK_CAPTURE_AUTORELEASING = YES;
				CLANG_WARN_BOOL_CONVERSION = YES;
				CLANG_WARN_COMMA = YES;
				CLANG_WARN_CONSTANT_CONVERSION = YES;
				CLANG_WARN_DEPRECATED_OBJC_IMPLEMENTATIONS = YES;
				CLANG_WARN_DIRECT_OBJC_ISA_USAGE = YES_ERROR;
				CLANG_WARN_DOCUMENTATION_COMMENTS = YES;
				CLANG_WARN_EMPTY_BODY = YES;
				CLANG_WARN_ENUM_CONVERSION = YES;
				CLANG_WARN_INFINITE_RECURSION = YES;
				CLANG_WARN_INT_CONVERSION = YES;
				CLANG_WARN_NON_LITERAL_NULL_CONVERSION = YES;
				CLANG_WARN_OBJC_IMPLICIT_RETAIN_SELF = YES;
				CLANG_WARN_OBJC_LITERAL_CONVERSION = YES;
				CLANG_WARN_OBJC_ROOT_CLASS = YES_ERROR;
				CLANG_WARN_QUOTED_INCLUDE_IN_FRAMEWORK_HEADER = YES;
				CLANG_WARN_RANGE_LOOP_ANALYSIS = YES;
				CLANG_WARN_STRICT_PROTOTYPES = YES;
				CLANG_WARN_SUSPICIOUS_MOVE = YES;
				CLANG_WARN_UNGUARDED_AVAILABILITY = YES_AGGRESSIVE;
				CLANG_WARN_UNREACHABLE_CODE = YES;
				CLANG_WARN__DUPLICATE_METHOD_MATCH = YES;
				COPY_PHASE_STRIP = NO;
				DEBUG_INFORMATION_FORMAT = dwarf;
				ENABLE_STRICT_OBJC_MSGSEND = YES;
				ENABLE_TESTABILITY = YES;
				GCC_C_LANGUAGE_STANDARD = gnu11;
				GCC_DYNAMIC_NO_PIC = NO;
				GCC_NO_COMMON_BLOCKS = YES;
				GCC_OPTIMIZATION_LEVEL = 0;
				GCC_PREPROCESSOR_DEFINITIONS = (
					"DEBUG=1",
					"$(inherited)",
				);
				GCC_WARN_64_TO_32_BIT_CONVERSION = YES;
				GCC_WARN_ABOUT_RETURN_TYPE = YES_ERROR;
				GCC_WARN_UNDECLARED_SELECTOR = YES;
				GCC_WARN_UNINITIALIZED_AUTOS = YES_AGGRESSIVE;
				GCC_WARN_UNUSED_FUNCTION = YES;
				GCC_WARN_UNUSED_VARIABLE = YES;
				IPHONEOS_DEPLOYMENT_TARGET = 16.2;
				MTL_ENABLE_DEBUG_INFO = INCLUDE_SOURCE;
				MTL_FAST_MATH = YES;
				ONLY_ACTIVE_ARCH = YES;
				SDKROOT = iphoneos;
				SWIFT_ACTIVE_COMPILATION_CONDITIONS = DEBUG;
				SWIFT_OPTIMIZATION_LEVEL = "-Onone";
			};
			name = Debug;
		};
		5E2C0556299208C90080E5F9 /* Release */ = {
			isa = XCBuildConfiguration;
			buildSettings = {
				ALWAYS_SEARCH_USER_PATHS = NO;
				CLANG_ANALYZER_NONNULL = YES;
				CLANG_ANALYZER_NUMBER_OBJECT_CONVERSION = YES_AGGRESSIVE;
				CLANG_CXX_LANGUAGE_STANDARD = "gnu++20";
				CLANG_ENABLE_MODULES = YES;
				CLANG_ENABLE_OBJC_ARC = YES;
				CLANG_ENABLE_OBJC_WEAK = YES;
				CLANG_WARN_BLOCK_CAPTURE_AUTORELEASING = YES;
				CLANG_WARN_BOOL_CONVERSION = YES;
				CLANG_WARN_COMMA = YES;
				CLANG_WARN_CONSTANT_CONVERSION = YES;
				CLANG_WARN_DEPRECATED_OBJC_IMPLEMENTATIONS = YES;
				CLANG_WARN_DIRECT_OBJC_ISA_USAGE = YES_ERROR;
				CLANG_WARN_DOCUMENTATION_COMMENTS = YES;
				CLANG_WARN_EMPTY_BODY = YES;
				CLANG_WARN_ENUM_CONVERSION = YES;
				CLANG_WARN_INFINITE_RECURSION = YES;
				CLANG_WARN_INT_CONVERSION = YES;
				CLANG_WARN_NON_LITERAL_NULL_CONVERSION = YES;
				CLANG_WARN_OBJC_IMPLICIT_RETAIN_SELF = YES;
				CLANG_WARN_OBJC_LITERAL_CONVERSION = YES;
				CLANG_WARN_OBJC_ROOT_CLASS = YES_ERROR;
				CLANG_WARN_QUOTED_INCLUDE_IN_FRAMEWORK_HEADER = YES;
				CLANG_WARN_RANGE_LOOP_ANALYSIS = YES;
				CLANG_WARN_STRICT_PROTOTYPES = YES;
				CLANG_WARN_SUSPICIOUS_MOVE = YES;
				CLANG_WARN_UNGUARDED_AVAILABILITY = YES_AGGRESSIVE;
				CLANG_WARN_UNREACHABLE_CODE = YES;
				CLANG_WARN__DUPLICATE_METHOD_MATCH = YES;
				COPY_PHASE_STRIP = NO;
				DEBUG_INFORMATION_FORMAT = "dwarf-with-dsym";
				ENABLE_NS_ASSERTIONS = NO;
				ENABLE_STRICT_OBJC_MSGSEND = YES;
				GCC_C_LANGUAGE_STANDARD = gnu11;
				GCC_NO_COMMON_BLOCKS = YES;
				GCC_WARN_64_TO_32_BIT_CONVERSION = YES;
				GCC_WARN_ABOUT_RETURN_TYPE = YES_ERROR;
				GCC_WARN_UNDECLARED_SELECTOR = YES;
				GCC_WARN_UNINITIALIZED_AUTOS = YES_AGGRESSIVE;
				GCC_WARN_UNUSED_FUNCTION = YES;
				GCC_WARN_UNUSED_VARIABLE = YES;
				IPHONEOS_DEPLOYMENT_TARGET = 16.2;
				MTL_ENABLE_DEBUG_INFO = NO;
				MTL_FAST_MATH = YES;
				SDKROOT = iphoneos;
				SWIFT_COMPILATION_MODE = wholemodule;
				SWIFT_OPTIMIZATION_LEVEL = "-O";
				VALIDATE_PRODUCT = YES;
			};
			name = Release;
		};
		5E2C0558299208C90080E5F9 /* Debug */ = {
			isa = XCBuildConfiguration;
			buildSettings = {
				ASSETCATALOG_COMPILER_APPICON_NAME = AppIcon;
				ASSETCATALOG_COMPILER_GLOBAL_ACCENT_COLOR_NAME = AccentColor;
				CODE_SIGN_STYLE = Automatic;
				CURRENT_PROJECT_VERSION = 1;
				GENERATE_INFOPLIST_FILE = YES;
				INFOPLIST_FILE = FirstApplication/Info.plist;
				INFOPLIST_KEY_UIApplicationSupportsIndirectInputEvents = YES;
				INFOPLIST_KEY_UILaunchStoryboardName = LaunchScreen;
				INFOPLIST_KEY_UIMainStoryboardFile = Main;
				INFOPLIST_KEY_UISupportedInterfaceOrientations_iPad = "UIInterfaceOrientationPortrait UIInterfaceOrientationPortraitUpsideDown UIInterfaceOrientationLandscapeLeft UIInterfaceOrientationLandscapeRight";
				INFOPLIST_KEY_UISupportedInterfaceOrientations_iPhone = "UIInterfaceOrientationPortrait UIInterfaceOrientationLandscapeLeft UIInterfaceOrientationLandscapeRight";
				LD_RUNPATH_SEARCH_PATHS = (
					"$(inherited)",
					"@executable_path/Frameworks",
				);
				MARKETING_VERSION = 1.0;
				PRODUCT_BUNDLE_IDENTIFIER = com.bajajfinserv.FirstApplication;
				PRODUCT_NAME = "$(TARGET_NAME)";
				SWIFT_EMIT_LOC_STRINGS = YES;
				SWIFT_VERSION = 5.0;
				TARGETED_DEVICE_FAMILY = "1,2";
			};
			name = Debug;
		};
		5E2C0559299208C90080E5F9 /* Release */ = {
			isa = XCBuildConfiguration;
			buildSettings = {
				ASSETCATALOG_COMPILER_APPICON_NAME = AppIcon;
				ASSETCATALOG_COMPILER_GLOBAL_ACCENT_COLOR_NAME = AccentColor;
				CODE_SIGN_STYLE = Automatic;
				CURRENT_PROJECT_VERSION = 1;
				GENERATE_INFOPLIST_FILE = YES;
				INFOPLIST_FILE = FirstApplication/Info.plist;
				INFOPLIST_KEY_UIApplicationSupportsIndirectInputEvents = YES;
				INFOPLIST_KEY_UILaunchStoryboardName = LaunchScreen;
				INFOPLIST_KEY_UIMainStoryboardFile = Main;
				INFOPLIST_KEY_UISupportedInterfaceOrientations_iPad = "UIInterfaceOrientationPortrait UIInterfaceOrientationPortraitUpsideDown UIInterfaceOrientationLandscapeLeft UIInterfaceOrientationLandscapeRight";
				INFOPLIST_KEY_UISupportedInterfaceOrientations_iPhone = "UIInterfaceOrientationPortrait UIInterfaceOrientationLandscapeLeft UIInterfaceOrientationLandscapeRight";
				LD_RUNPATH_SEARCH_PATHS = (
					"$(inherited)",
					"@executable_path/Frameworks",
				);
				MARKETING_VERSION = 1.0;
				PRODUCT_BUNDLE_IDENTIFIER = com.bajajfinserv.FirstApplication;
				PRODUCT_NAME = "$(TARGET_NAME)";
				SWIFT_EMIT_LOC_STRINGS = YES;
				SWIFT_VERSION = 5.0;
				TARGETED_DEVICE_FAMILY = "1,2";
			};
			name = Release;
		};
		5E2C055B299208C90080E5F9 /* Debug */ = {
			isa = XCBuildConfiguration;
			buildSettings = {
				ALWAYS_EMBED_SWIFT_STANDARD_LIBRARIES = YES;
				BUNDLE_LOADER = "$(TEST_HOST)";
				CODE_SIGN_STYLE = Automatic;
				CURRENT_PROJECT_VERSION = 1;
				GENERATE_INFOPLIST_FILE = YES;
				IPHONEOS_DEPLOYMENT_TARGET = 16.2;
				MARKETING_VERSION = 1.0;
				PRODUCT_BUNDLE_IDENTIFIER = com.bajajfinserv.FirstApplicationTests;
				PRODUCT_NAME = "$(TARGET_NAME)";
				SWIFT_EMIT_LOC_STRINGS = NO;
				SWIFT_VERSION = 5.0;
				TARGETED_DEVICE_FAMILY = "1,2";
				TEST_HOST = "$(BUILT_PRODUCTS_DIR)/FirstApplication.app/$(BUNDLE_EXECUTABLE_FOLDER_PATH)/FirstApplication";
			};
			name = Debug;
		};
		5E2C055C299208C90080E5F9 /* Release */ = {
			isa = XCBuildConfiguration;
			buildSettings = {
				ALWAYS_EMBED_SWIFT_STANDARD_LIBRARIES = YES;
				BUNDLE_LOADER = "$(TEST_HOST)";
				CODE_SIGN_STYLE = Automatic;
				CURRENT_PROJECT_VERSION = 1;
				GENERATE_INFOPLIST_FILE = YES;
				IPHONEOS_DEPLOYMENT_TARGET = 16.2;
				MARKETING_VERSION = 1.0;
				PRODUCT_BUNDLE_IDENTIFIER = com.bajajfinserv.FirstApplicationTests;
				PRODUCT_NAME = "$(TARGET_NAME)";
				SWIFT_EMIT_LOC_STRINGS = NO;
				SWIFT_VERSION = 5.0;
				TARGETED_DEVICE_FAMILY = "1,2";
				TEST_HOST = "$(BUILT_PRODUCTS_DIR)/FirstApplication.app/$(BUNDLE_EXECUTABLE_FOLDER_PATH)/FirstApplication";
			};
			name = Release;
		};
		5E2C055E299208C90080E5F9 /* Debug */ = {
			isa = XCBuildConfiguration;
			buildSettings = {
				ALWAYS_EMBED_SWIFT_STANDARD_LIBRARIES = YES;
				CODE_SIGN_STYLE = Automatic;
				CURRENT_PROJECT_VERSION = 1;
				GENERATE_INFOPLIST_FILE = YES;
				MARKETING_VERSION = 1.0;
				PRODUCT_BUNDLE_IDENTIFIER = com.bajajfinserv.FirstApplicationUITests;
				PRODUCT_NAME = "$(TARGET_NAME)";
				SWIFT_EMIT_LOC_STRINGS = NO;
				SWIFT_VERSION = 5.0;
				TARGETED_DEVICE_FAMILY = "1,2";
				TEST_TARGET_NAME = FirstApplication;
			};
			name = Debug;
		};
		5E2C055F299208C90080E5F9 /* Release */ = {
			isa = XCBuildConfiguration;
			buildSettings = {
				ALWAYS_EMBED_SWIFT_STANDARD_LIBRARIES = YES;
				CODE_SIGN_STYLE = Automatic;
				CURRENT_PROJECT_VERSION = 1;
				GENERATE_INFOPLIST_FILE = YES;
				MARKETING_VERSION = 1.0;
				PRODUCT_BUNDLE_IDENTIFIER = com.bajajfinserv.FirstApplicationUITests;
				PRODUCT_NAME = "$(TARGET_NAME)";
				SWIFT_EMIT_LOC_STRINGS = NO;
				SWIFT_VERSION = 5.0;
				TARGETED_DEVICE_FAMILY = "1,2";
				TEST_TARGET_NAME = FirstApplication;
			};
			name = Release;
		};
/* End XCBuildConfiguration section */

/* Begin XCConfigurationList section */
		5E2C0525299208C70080E5F9 /* Build configuration list for PBXProject "FirstApplication" */ = {
			isa = XCConfigurationList;
			buildConfigurations = (
				5E2C0555299208C90080E5F9 /* Debug */,
				5E2C0556299208C90080E5F9 /* Release */,
			);
			defaultConfigurationIsVisible = 0;
			defaultConfigurationName = Release;
		};
		5E2C0557299208C90080E5F9 /* Build configuration list for PBXNativeTarget "FirstApplication" */ = {
			isa = XCConfigurationList;
			buildConfigurations = (
				5E2C0558299208C90080E5F9 /* Debug */,
				5E2C0559299208C90080E5F9 /* Release */,
			);
			defaultConfigurationIsVisible = 0;
			defaultConfigurationName = Release;
		};
		5E2C055A299208C90080E5F9 /* Build configuration list for PBXNativeTarget "FirstApplicationTests" */ = {
			isa = XCConfigurationList;
			buildConfigurations = (
				5E2C055B299208C90080E5F9 /* Debug */,
				5E2C055C299208C90080E5F9 /* Release */,
			);
			defaultConfigurationIsVisible = 0;
			defaultConfigurationName = Release;
		};
		5E2C055D299208C90080E5F9 /* Build configuration list for PBXNativeTarget "FirstApplicationUITests" */ = {
			isa = XCConfigurationList;
			buildConfigurations = (
				5E2C055E299208C90080E5F9 /* Debug */,
				5E2C055F299208C90080E5F9 /* Release */,
			);
			defaultConfigurationIsVisible = 0;
			defaultConfigurationName = Release;
		};
/* End XCConfigurationList section */

/* Begin XCVersionGroup section */
		5E2C0536299208C70080E5F9 /* FirstApplication.xcdatamodeld */ = {
			isa = XCVersionGroup;
			children = (
				5E2C0537299208C70080E5F9 /* FirstApplication.xcdatamodel */,
			);
			currentVersion = 5E2C0537299208C70080E5F9 /* FirstApplication.xcdatamodel */;
			path = FirstApplication.xcdatamodeld;
			sourceTree = "<group>";
			versionGroupType = wrapper.xcdatamodel;
		};
/* End XCVersionGroup section */
	};
	rootObject = 5E2C0522299208C70080E5F9 /* Project object */;
}
